<Solution>
  <Configurations>
    <Platform Name="Any CPU" />
    <Platform Name="x64" />
    <Platform Name="x86" />
  </Configurations>
  <Folder Name="/benchmarks/">
    <Project Path="benchmarks/DavidGroup.Core.DataAccess.Benchmarks/DavidGroup.Core.DataAccess.Benchmarks.csproj" />
  </Folder>
  <Folder Name="/samples/">
    <Project Path="samples/DavidGroup.Core.DataAccess.Samples.WebApi.Additional/DavidGroup.Core.DataAccess.Samples.WebApi.Additional.csproj" />
    <Project Path="samples/DavidGroup.Core.DataAccess.Samples.WebApi/DavidGroup.Core.DataAccess.Samples.WebApi.csproj" />
  </Folder>
  <Folder Name="/Solution Items/">
    <File Path="Directory.Build.props" />
    <File Path="Directory.Version.props" />
    <File Path="global.json" />
    <File Path="NuGet.Config" />
  </Folder>
  <Folder Name="/src/">
    <Project Path="src/DavidGroup.Core.DataAccess/DavidGroup.Core.DataAccess.csproj" />
  </Folder>
  <Folder Name="/tests/">
    <Project Path="tests/DavidGroup.Core.DataAccess.Tests/DavidGroup.Core.DataAccess.Tests.csproj" />
  </Folder>
</Solution>
